
Microsoft Visual Studio Solution File, Format Version 12.00
# Visual Studio 15
VisualStudioVersion = 15.0.28307.421
MinimumVisualStudioVersion = 10.0.40219.1
Project("{FAE04EC0-301F-11D3-BF4B-00C04F79EFBC}") = "TesteFTP", "TesteFTP\TesteFTP.csproj", "{C69574BB-4137-4B69-8C2B-1D01877C4333}"
EndProject
Global
	GlobalSection(SolutionConfigurationPlatforms) = preSolution
		Debug|Any CPU = Debug|Any CPU
		Release|Any CPU = Release|Any CPU
	EndGlobalSection
	GlobalSection(ProjectConfigurationPlatforms) = postSolution
		{C69574BB-4137-4B69-8C2B-1D01877C4333}.Debug|Any CPU.ActiveCfg = Debug|Any CPU
		{C69574BB-4137-4B69-8C2B-1D01877C4333}.Debug|Any CPU.Build.0 = Debug|Any CPU
		{C69574BB-4137-4B69-8C2B-1D01877C4333}.Release|Any CPU.ActiveCfg = Release|Any CPU
		{C69574BB-4137-4B69-8C2B-1D01877C4333}.Release|Any CPU.Build.0 = Release|Any CPU
	EndGlobalSection
	GlobalSection(SolutionProperties) = preSolution
		HideSolutionNode = FALSE
	EndGlobalSection
	GlobalSection(ExtensibilityGlobals) = postSolution
		SolutionGuid = {506EB52E-9AB7-4661-8747-795F28E837AC}
	EndGlobalSection
EndGlobal
